
Microsoft Visual Studio Solution File, Format Version 12.00
# Visual Studio Version 17
VisualStudioVersion = 17.0.31903.59
MinimumVisualStudioVersion = 10.0.40219.1
Project("{FAE04EC0-301F-11D3-BF4B-00C04F79EFBC}") = "FarmApp.Api", "FarmApp.Api\FarmApp.Api.csproj", "{F163B855-12AC-4DF7-A508-C4C3EEB9921A}"
EndProject
Project("{FAE04EC0-301F-11D3-BF4B-00C04F79EFBC}") = "FarmApp.Lib", "FarmApp.Lib\FarmApp.Lib.csproj", "{11957026-6C31-4EA7-99CB-A21B4C9BB549}"
EndProject
Global
	GlobalSection(SolutionConfigurationPlatforms) = preSolution
		Debug|Any CPU = Debug|Any CPU
		Release|Any CPU = Release|Any CPU
	EndGlobalSection
	GlobalSection(ProjectConfigurationPlatforms) = postSolution
		{F163B855-12AC-4DF7-A508-C4C3EEB9921A}.Debug|Any CPU.ActiveCfg = Debug|Any CPU
		{F163B855-12AC-4DF7-A508-C4C3EEB9921A}.Debug|Any CPU.Build.0 = Debug|Any CPU
		{F163B855-12AC-4DF7-A508-C4C3EEB9921A}.Release|Any CPU.ActiveCfg = Release|Any CPU
		{F163B855-12AC-4DF7-A508-C4C3EEB9921A}.Release|Any CPU.Build.0 = Release|Any CPU
		{11957026-6C31-4EA7-99CB-A21B4C9BB549}.Debug|Any CPU.ActiveCfg = Debug|Any CPU
		{11957026-6C31-4EA7-99CB-A21B4C9BB549}.Debug|Any CPU.Build.0 = Debug|Any CPU
		{11957026-6C31-4EA7-99CB-A21B4C9BB549}.Release|Any CPU.ActiveCfg = Release|Any CPU
		{11957026-6C31-4EA7-99CB-A21B4C9BB549}.Release|Any CPU.Build.0 = Release|Any CPU
	EndGlobalSection
	GlobalSection(SolutionProperties) = preSolution
		HideSolutionNode = FALSE
	EndGlobalSection
EndGlobal
